// !$*UTF8*$!
{
	archiveVersion = 1;
	classes = {
	};
	objectVersion = 50;
	objects = {

/* Begin PBXBuildFile section */
		665AE79F2640738800905329 /* AppDelegate.swift in Sources */ = {isa = PBXBuildFile; fileRef = 665AE79E2640738800905329 /* AppDelegate.swift */; };
		665AE7A12640738800905329 /* SceneDelegate.swift in Sources */ = {isa = PBXBuildFile; fileRef = 665AE7A02640738800905329 /* SceneDelegate.swift */; };
		665AE7A32640738800905329 /* EntryViewController.swift in Sources */ = {isa = PBXBuildFile; fileRef = 665AE7A22640738800905329 /* EntryViewController.swift */; };
		665AE7A62640738800905329 /* Main.storyboard in Resources */ = {isa = PBXBuildFile; fileRef = 665AE7A42640738800905329 /* Main.storyboard */; };
		665AE7A82640738900905329 /* Assets.xcassets in Resources */ = {isa = PBXBuildFile; fileRef = 665AE7A72640738900905329 /* Assets.xcassets */; };
		665AE7AB2640738900905329 /* LaunchScreen.storyboard in Resources */ = {isa = PBXBuildFile; fileRef = 665AE7A92640738900905329 /* LaunchScreen.storyboard */; };
		665AE7C12640738900905329 /* CitiesUITests.swift in Sources */ = {isa = PBXBuildFile; fileRef = 665AE7C02640738900905329 /* CitiesUITests.swift */; };
		665AE7D32640742F00905329 /* cities.json in Resources */ = {isa = PBXBuildFile; fileRef = 665AE7D22640742F00905329 /* cities.json */; };
		665AE7E02640755600905329 /* CityService.swift in Sources */ = {isa = PBXBuildFile; fileRef = 665AE7DF2640755600905329 /* CityService.swift */; };
		665AE7E62640764400905329 /* City.swift in Sources */ = {isa = PBXBuildFile; fileRef = 665AE7E52640764400905329 /* City.swift */; };
		665AE7EB2640767A00905329 /* Coordinate.swift in Sources */ = {isa = PBXBuildFile; fileRef = 665AE7EA2640767A00905329 /* Coordinate.swift */; };
		665AE7F0264076CF00905329 /* CityServiceImplementation.swift in Sources */ = {isa = PBXBuildFile; fileRef = 665AE7EF264076CF00905329 /* CityServiceImplementation.swift */; };
		665AE80126408E7600905329 /* ErrorView.xib in Resources */ = {isa = PBXBuildFile; fileRef = 665AE80026408E7600905329 /* ErrorView.xib */; };
		665AE80626408E8B00905329 /* ErrorView.swift in Sources */ = {isa = PBXBuildFile; fileRef = 665AE80526408E8B00905329 /* ErrorView.swift */; };
		665AE80B26408E9800905329 /* LoadingIndicator.swift in Sources */ = {isa = PBXBuildFile; fileRef = 665AE80A26408E9800905329 /* LoadingIndicator.swift */; };
		665AE81026408EB900905329 /* LoadingIndicator.xib in Resources */ = {isa = PBXBuildFile; fileRef = 665AE80F26408EB900905329 /* LoadingIndicator.xib */; };
		665AE8312640903E00905329 /* BaseViewController.swift in Sources */ = {isa = PBXBuildFile; fileRef = 665AE8302640903E00905329 /* BaseViewController.swift */; };
		665AE8362640904E00905329 /* BaseView.swift in Sources */ = {isa = PBXBuildFile; fileRef = 665AE8352640904E00905329 /* BaseView.swift */; };
		665AE83F264090E500905329 /* CitiesViewController.swift in Sources */ = {isa = PBXBuildFile; fileRef = 665AE83D264090E500905329 /* CitiesViewController.swift */; };
		665AE840264090E500905329 /* CitiesViewController.xib in Resources */ = {isa = PBXBuildFile; fileRef = 665AE83E264090E500905329 /* CitiesViewController.xib */; };
		665AE848264090F300905329 /* CitiesView.swift in Sources */ = {isa = PBXBuildFile; fileRef = 665AE847264090F300905329 /* CitiesView.swift */; };
		665AE84D2640912100905329 /* CitiesRepository.swift in Sources */ = {isa = PBXBuildFile; fileRef = 665AE84C2640912100905329 /* CitiesRepository.swift */; };
		665AE8522640915E00905329 /* CitiesRepositoryImplementation.swift in Sources */ = {isa = PBXBuildFile; fileRef = 665AE8512640915E00905329 /* CitiesRepositoryImplementation.swift */; };
		665AE857264091D800905329 /* CitiesViewModel.swift in Sources */ = {isa = PBXBuildFile; fileRef = 665AE856264091D800905329 /* CitiesViewModel.swift */; };
		665AE8622640993700905329 /* CityTableViewCell.swift in Sources */ = {isa = PBXBuildFile; fileRef = 665AE8602640993700905329 /* CityTableViewCell.swift */; };
		665AE8632640993700905329 /* CityTableViewCell.xib in Resources */ = {isa = PBXBuildFile; fileRef = 665AE8612640993700905329 /* CityTableViewCell.xib */; };
		665AE8762640AD0A00905329 /* CitiesViewModelTests.swift in Sources */ = {isa = PBXBuildFile; fileRef = 665AE8752640AD0A00905329 /* CitiesViewModelTests.swift */; };
		665AE87A2640AD4100905329 /* CitiesViewModel.swift in Sources */ = {isa = PBXBuildFile; fileRef = 665AE856264091D800905329 /* CitiesViewModel.swift */; };
		665AE87E2640AD4500905329 /* CitiesView.swift in Sources */ = {isa = PBXBuildFile; fileRef = 665AE847264090F300905329 /* CitiesView.swift */; };
		665AE8822640AD5500905329 /* CitiesRepository.swift in Sources */ = {isa = PBXBuildFile; fileRef = 665AE84C2640912100905329 /* CitiesRepository.swift */; };
		665AE8862640AE0700905329 /* City.swift in Sources */ = {isa = PBXBuildFile; fileRef = 665AE7E52640764400905329 /* City.swift */; };
		665AE88A2640AE0A00905329 /* Coordinate.swift in Sources */ = {isa = PBXBuildFile; fileRef = 665AE7EA2640767A00905329 /* Coordinate.swift */; };
		665AE88E2640AE0D00905329 /* CityService.swift in Sources */ = {isa = PBXBuildFile; fileRef = 665AE7DF2640755600905329 /* CityService.swift */; };
		665AE8922640AE1000905329 /* CityServiceImplementation.swift in Sources */ = {isa = PBXBuildFile; fileRef = 665AE7EF264076CF00905329 /* CityServiceImplementation.swift */; };
		665AE8962640AE2700905329 /* EntryViewController.swift in Sources */ = {isa = PBXBuildFile; fileRef = 665AE7A22640738800905329 /* EntryViewController.swift */; };
		665AE89A2640AE2D00905329 /* CitiesViewController.swift in Sources */ = {isa = PBXBuildFile; fileRef = 665AE83D264090E500905329 /* CitiesViewController.swift */; };
		665AE89E2640AE3600905329 /* CityTableViewCell.swift in Sources */ = {isa = PBXBuildFile; fileRef = 665AE8602640993700905329 /* CityTableViewCell.swift */; };
		665AE8A22640AE3A00905329 /* ErrorView.swift in Sources */ = {isa = PBXBuildFile; fileRef = 665AE80526408E8B00905329 /* ErrorView.swift */; };
		665AE8A62640AE3E00905329 /* LoadingIndicator.swift in Sources */ = {isa = PBXBuildFile; fileRef = 665AE80A26408E9800905329 /* LoadingIndicator.swift */; };
		665AE8AA2640AE4200905329 /* BaseViewController.swift in Sources */ = {isa = PBXBuildFile; fileRef = 665AE8302640903E00905329 /* BaseViewController.swift */; };
		665AE8AE2640AE4400905329 /* BaseView.swift in Sources */ = {isa = PBXBuildFile; fileRef = 665AE8352640904E00905329 /* BaseView.swift */; };
		66B65C1126417F73005A34C2 /* CitiesRepositoryImplementation.swift in Sources */ = {isa = PBXBuildFile; fileRef = 665AE8512640915E00905329 /* CitiesRepositoryImplementation.swift */; };
		66B65C222641907E005A34C2 /* DummyAsynchronousRunner.swift in Sources */ = {isa = PBXBuildFile; fileRef = 66B65C212641907E005A34C2 /* DummyAsynchronousRunner.swift */; };
		66B65C232641907E005A34C2 /* DummyAsynchronousRunner.swift in Sources */ = {isa = PBXBuildFile; fileRef = 66B65C212641907E005A34C2 /* DummyAsynchronousRunner.swift */; };
		66B65C28264190AB005A34C2 /* AsynchronousRunner.swift in Sources */ = {isa = PBXBuildFile; fileRef = 66B65C27264190AB005A34C2 /* AsynchronousRunner.swift */; };
		66B65C29264190AB005A34C2 /* AsynchronousRunner.swift in Sources */ = {isa = PBXBuildFile; fileRef = 66B65C27264190AB005A34C2 /* AsynchronousRunner.swift */; };
		66B65C2E26419106005A34C2 /* AsynchronousProvider.swift in Sources */ = {isa = PBXBuildFile; fileRef = 66B65C2D26419106005A34C2 /* AsynchronousProvider.swift */; };
		66B65C2F26419106005A34C2 /* AsynchronousProvider.swift in Sources */ = {isa = PBXBuildFile; fileRef = 66B65C2D26419106005A34C2 /* AsynchronousProvider.swift */; };
		66B65C3426419127005A34C2 /* AsynchronousRunnerImplementation.swift in Sources */ = {isa = PBXBuildFile; fileRef = 66B65C3326419127005A34C2 /* AsynchronousRunnerImplementation.swift */; };
		66B65C3526419127005A34C2 /* AsynchronousRunnerImplementation.swift in Sources */ = {isa = PBXBuildFile; fileRef = 66B65C3326419127005A34C2 /* AsynchronousRunnerImplementation.swift */; };
		66B65C4326419C93005A34C2 /* CitiesCache.swift in Sources */ = {isa = PBXBuildFile; fileRef = 66B65C4226419C93005A34C2 /* CitiesCache.swift */; };
		66B65C4426419C93005A34C2 /* CitiesCache.swift in Sources */ = {isa = PBXBuildFile; fileRef = 66B65C4226419C93005A34C2 /* CitiesCache.swift */; };
		66B65C9B2641A3B8005A34C2 /* CityViewController.swift in Sources */ = {isa = PBXBuildFile; fileRef = 66B65C992641A3B8005A34C2 /* CityViewController.swift */; };
		66B65C9C2641A3B8005A34C2 /* CityViewController.swift in Sources */ = {isa = PBXBuildFile; fileRef = 66B65C992641A3B8005A34C2 /* CityViewController.swift */; };
		66B65C9D2641A3B8005A34C2 /* CityViewController.xib in Resources */ = {isa = PBXBuildFile; fileRef = 66B65C9A2641A3B8005A34C2 /* CityViewController.xib */; };
		66B65C9E2641A3B8005A34C2 /* CityViewController.xib in Resources */ = {isa = PBXBuildFile; fileRef = 66B65C9A2641A3B8005A34C2 /* CityViewController.xib */; };
		66B65CA32641A3C8005A34C2 /* CityViewModel.swift in Sources */ = {isa = PBXBuildFile; fileRef = 66B65CA22641A3C8005A34C2 /* CityViewModel.swift */; };
		66B65CA82641A3D5005A34C2 /* CityRepository.swift in Sources */ = {isa = PBXBuildFile; fileRef = 66B65CA72641A3D5005A34C2 /* CityRepository.swift */; };
		66B65CAD2641A3E4005A34C2 /* CityRepositoryImplementation.swift in Sources */ = {isa = PBXBuildFile; fileRef = 66B65CAC2641A3E4005A34C2 /* CityRepositoryImplementation.swift */; };
		66CA30232641BFE5000C3780 /* CityView.swift in Sources */ = {isa = PBXBuildFile; fileRef = 66CA30222641BFE5000C3780 /* CityView.swift */; };
		66CA30272641CA18000C3780 /* CityViewModel.swift in Sources */ = {isa = PBXBuildFile; fileRef = 66B65CA22641A3C8005A34C2 /* CityViewModel.swift */; };
		66CA302B2641CA1E000C3780 /* CityRepository.swift in Sources */ = {isa = PBXBuildFile; fileRef = 66B65CA72641A3D5005A34C2 /* CityRepository.swift */; };
		66CA302F2641CA20000C3780 /* CityRepositoryImplementation.swift in Sources */ = {isa = PBXBuildFile; fileRef = 66B65CAC2641A3E4005A34C2 /* CityRepositoryImplementation.swift */; };
		66CA30332641CA24000C3780 /* CityView.swift in Sources */ = {isa = PBXBuildFile; fileRef = 66CA30222641BFE5000C3780 /* CityView.swift */; };
/* End PBXBuildFile section */

/* Begin PBXContainerItemProxy section */
		665AE7B22640738900905329 /* PBXContainerItemProxy */ = {
			isa = PBXContainerItemProxy;
			containerPortal = 665AE7932640738800905329 /* Project object */;
			proxyType = 1;
			remoteGlobalIDString = 665AE79A2640738800905329;
			remoteInfo = Cities;
		};
		665AE7BD2640738900905329 /* PBXContainerItemProxy */ = {
			isa = PBXContainerItemProxy;
			containerPortal = 665AE7932640738800905329 /* Project object */;
			proxyType = 1;
			remoteGlobalIDString = 665AE79A2640738800905329;
			remoteInfo = Cities;
		};
/* End PBXContainerItemProxy section */

/* Begin PBXFileReference section */
		665AE79B2640738800905329 /* Cities.app */ = {isa = PBXFileReference; explicitFileType = wrapper.application; includeInIndex = 0; path = Cities.app; sourceTree = BUILT_PRODUCTS_DIR; };
		665AE79E2640738800905329 /* AppDelegate.swift */ = {isa = PBXFileReference; lastKnownFileType = sourcecode.swift; path = AppDelegate.swift; sourceTree = "<group>"; };
		665AE7A02640738800905329 /* SceneDelegate.swift */ = {isa = PBXFileReference; lastKnownFileType = sourcecode.swift; path = SceneDelegate.swift; sourceTree = "<group>"; };
		665AE7A22640738800905329 /* EntryViewController.swift */ = {isa = PBXFileReference; lastKnownFileType = sourcecode.swift; path = EntryViewController.swift; sourceTree = "<group>"; };
		665AE7A52640738800905329 /* Base */ = {isa = PBXFileReference; lastKnownFileType = file.storyboard; name = Base; path = Base.lproj/Main.storyboard; sourceTree = "<group>"; };
		665AE7A72640738900905329 /* Assets.xcassets */ = {isa = PBXFileReference; lastKnownFileType = folder.assetcatalog; path = Assets.xcassets; sourceTree = "<group>"; };
		665AE7AA2640738900905329 /* Base */ = {isa = PBXFileReference; lastKnownFileType = file.storyboard; name = Base; path = Base.lproj/LaunchScreen.storyboard; sourceTree = "<group>"; };
		665AE7AC2640738900905329 /* Info.plist */ = {isa = PBXFileReference; lastKnownFileType = text.plist.xml; path = Info.plist; sourceTree = "<group>"; };
		665AE7B12640738900905329 /* CitiesTests.xctest */ = {isa = PBXFileReference; explicitFileType = wrapper.cfbundle; includeInIndex = 0; path = CitiesTests.xctest; sourceTree = BUILT_PRODUCTS_DIR; };
		665AE7B72640738900905329 /* Info.plist */ = {isa = PBXFileReference; lastKnownFileType = text.plist.xml; path = Info.plist; sourceTree = "<group>"; };
		665AE7BC2640738900905329 /* CitiesUITests.xctest */ = {isa = PBXFileReference; explicitFileType = wrapper.cfbundle; includeInIndex = 0; path = CitiesUITests.xctest; sourceTree = BUILT_PRODUCTS_DIR; };
		665AE7C02640738900905329 /* CitiesUITests.swift */ = {isa = PBXFileReference; lastKnownFileType = sourcecode.swift; path = CitiesUITests.swift; sourceTree = "<group>"; };
		665AE7C22640738900905329 /* Info.plist */ = {isa = PBXFileReference; lastKnownFileType = text.plist.xml; path = Info.plist; sourceTree = "<group>"; };
		665AE7D22640742F00905329 /* cities.json */ = {isa = PBXFileReference; fileEncoding = 4; lastKnownFileType = text.json; path = cities.json; sourceTree = "<group>"; };
		665AE7DF2640755600905329 /* CityService.swift */ = {isa = PBXFileReference; lastKnownFileType = sourcecode.swift; path = CityService.swift; sourceTree = "<group>"; };
		665AE7E52640764400905329 /* City.swift */ = {isa = PBXFileReference; lastKnownFileType = sourcecode.swift; path = City.swift; sourceTree = "<group>"; };
		665AE7EA2640767A00905329 /* Coordinate.swift */ = {isa = PBXFileReference; lastKnownFileType = sourcecode.swift; path = Coordinate.swift; sourceTree = "<group>"; };
		665AE7EF264076CF00905329 /* CityServiceImplementation.swift */ = {isa = PBXFileReference; lastKnownFileType = sourcecode.swift; path = CityServiceImplementation.swift; sourceTree = "<group>"; };
		665AE80026408E7600905329 /* ErrorView.xib */ = {isa = PBXFileReference; lastKnownFileType = file.xib; path = ErrorView.xib; sourceTree = "<group>"; };
		665AE80526408E8B00905329 /* ErrorView.swift */ = {isa = PBXFileReference; lastKnownFileType = sourcecode.swift; path = ErrorView.swift; sourceTree = "<group>"; };
		665AE80A26408E9800905329 /* LoadingIndicator.swift */ = {isa = PBXFileReference; lastKnownFileType = sourcecode.swift; path = LoadingIndicator.swift; sourceTree = "<group>"; };
		665AE80F26408EB900905329 /* LoadingIndicator.xib */ = {isa = PBXFileReference; lastKnownFileType = file.xib; path = LoadingIndicator.xib; sourceTree = "<group>"; };
		665AE8302640903E00905329 /* BaseViewController.swift */ = {isa = PBXFileReference; lastKnownFileType = sourcecode.swift; path = BaseViewController.swift; sourceTree = "<group>"; };
		665AE8352640904E00905329 /* BaseView.swift */ = {isa = PBXFileReference; lastKnownFileType = sourcecode.swift; path = BaseView.swift; sourceTree = "<group>"; };
		665AE83D264090E500905329 /* CitiesViewController.swift */ = {isa = PBXFileReference; lastKnownFileType = sourcecode.swift; path = CitiesViewController.swift; sourceTree = "<group>"; };
		665AE83E264090E500905329 /* CitiesViewController.xib */ = {isa = PBXFileReference; lastKnownFileType = file.xib; path = CitiesViewController.xib; sourceTree = "<group>"; };
		665AE847264090F300905329 /* CitiesView.swift */ = {isa = PBXFileReference; lastKnownFileType = sourcecode.swift; path = CitiesView.swift; sourceTree = "<group>"; };
		665AE84C2640912100905329 /* CitiesRepository.swift */ = {isa = PBXFileReference; lastKnownFileType = sourcecode.swift; path = CitiesRepository.swift; sourceTree = "<group>"; };
		665AE8512640915E00905329 /* CitiesRepositoryImplementation.swift */ = {isa = PBXFileReference; lastKnownFileType = sourcecode.swift; path = CitiesRepositoryImplementation.swift; sourceTree = "<group>"; };
		665AE856264091D800905329 /* CitiesViewModel.swift */ = {isa = PBXFileReference; lastKnownFileType = sourcecode.swift; path = CitiesViewModel.swift; sourceTree = "<group>"; };
		665AE8602640993700905329 /* CityTableViewCell.swift */ = {isa = PBXFileReference; lastKnownFileType = sourcecode.swift; path = CityTableViewCell.swift; sourceTree = "<group>"; };
		665AE8612640993700905329 /* CityTableViewCell.xib */ = {isa = PBXFileReference; lastKnownFileType = file.xib; path = CityTableViewCell.xib; sourceTree = "<group>"; };
		665AE8752640AD0A00905329 /* CitiesViewModelTests.swift */ = {isa = PBXFileReference; lastKnownFileType = sourcecode.swift; path = CitiesViewModelTests.swift; sourceTree = "<group>"; };
		66B65C212641907E005A34C2 /* DummyAsynchronousRunner.swift */ = {isa = PBXFileReference; lastKnownFileType = sourcecode.swift; path = DummyAsynchronousRunner.swift; sourceTree = "<group>"; };
		66B65C27264190AB005A34C2 /* AsynchronousRunner.swift */ = {isa = PBXFileReference; lastKnownFileType = sourcecode.swift; path = AsynchronousRunner.swift; sourceTree = "<group>"; };
		66B65C2D26419106005A34C2 /* AsynchronousProvider.swift */ = {isa = PBXFileReference; lastKnownFileType = sourcecode.swift; path = AsynchronousProvider.swift; sourceTree = "<group>"; };
		66B65C3326419127005A34C2 /* AsynchronousRunnerImplementation.swift */ = {isa = PBXFileReference; lastKnownFileType = sourcecode.swift; path = AsynchronousRunnerImplementation.swift; sourceTree = "<group>"; };
		66B65C4226419C93005A34C2 /* CitiesCache.swift */ = {isa = PBXFileReference; lastKnownFileType = sourcecode.swift; path = CitiesCache.swift; sourceTree = "<group>"; };
		66B65C992641A3B8005A34C2 /* CityViewController.swift */ = {isa = PBXFileReference; lastKnownFileType = sourcecode.swift; path = CityViewController.swift; sourceTree = "<group>"; };
		66B65C9A2641A3B8005A34C2 /* CityViewController.xib */ = {isa = PBXFileReference; lastKnownFileType = file.xib; path = CityViewController.xib; sourceTree = "<group>"; };
		66B65CA22641A3C8005A34C2 /* CityViewModel.swift */ = {isa = PBXFileReference; lastKnownFileType = sourcecode.swift; path = CityViewModel.swift; sourceTree = "<group>"; };
		66B65CA72641A3D5005A34C2 /* CityRepository.swift */ = {isa = PBXFileReference; lastKnownFileType = sourcecode.swift; path = CityRepository.swift; sourceTree = "<group>"; };
		66B65CAC2641A3E4005A34C2 /* CityRepositoryImplementation.swift */ = {isa = PBXFileReference; lastKnownFileType = sourcecode.swift; path = CityRepositoryImplementation.swift; sourceTree = "<group>"; };
		66CA30222641BFE5000C3780 /* CityView.swift */ = {isa = PBXFileReference; lastKnownFileType = sourcecode.swift; path = CityView.swift; sourceTree = "<group>"; };
/* End PBXFileReference section */

/* Begin PBXFrameworksBuildPhase section */
		665AE7982640738800905329 /* Frameworks */ = {
			isa = PBXFrameworksBuildPhase;
			buildActionMask = 2147483647;
			files = (
			);
			runOnlyForDeploymentPostprocessing = 0;
		};
		665AE7AE2640738900905329 /* Frameworks */ = {
			isa = PBXFrameworksBuildPhase;
			buildActionMask = 2147483647;
			files = (
			);
			runOnlyForDeploymentPostprocessing = 0;
		};
		665AE7B92640738900905329 /* Frameworks */ = {
			isa = PBXFrameworksBuildPhase;
			buildActionMask = 2147483647;
			files = (
			);
			runOnlyForDeploymentPostprocessing = 0;
		};
/* End PBXFrameworksBuildPhase section */

/* Begin PBXGroup section */
		665AE7922640738800905329 = {
			isa = PBXGroup;
			children = (
				665AE79D2640738800905329 /* Cities */,
				665AE7B42640738900905329 /* CitiesTests */,
				665AE7BF2640738900905329 /* CitiesUITests */,
				665AE79C2640738800905329 /* Products */,
			);
			sourceTree = "<group>";
		};
		665AE79C2640738800905329 /* Products */ = {
			isa = PBXGroup;
			children = (
				665AE79B2640738800905329 /* Cities.app */,
				665AE7B12640738900905329 /* CitiesTests.xctest */,
				665AE7BC2640738900905329 /* CitiesUITests.xctest */,
			);
			name = Products;
			sourceTree = "<group>";
		};
		665AE79D2640738800905329 /* Cities */ = {
			isa = PBXGroup;
			children = (
				665AE7E42640763700905329 /* Models */,
				665AE7DE2640754800905329 /* Services */,
				665AE7D82640743900905329 /* Common */,
				665AE7D72640743300905329 /* UI */,
				665AE7D12640742400905329 /* Data */,
				665AE79E2640738800905329 /* AppDelegate.swift */,
				665AE7A02640738800905329 /* SceneDelegate.swift */,
				665AE7A72640738900905329 /* Assets.xcassets */,
				665AE7A92640738900905329 /* LaunchScreen.storyboard */,
				665AE7AC2640738900905329 /* Info.plist */,
			);
			path = Cities;
			sourceTree = "<group>";
		};
		665AE7B42640738900905329 /* CitiesTests */ = {
			isa = PBXGroup;
			children = (
				665AE7B72640738900905329 /* Info.plist */,
				665AE8752640AD0A00905329 /* CitiesViewModelTests.swift */,
			);
			path = CitiesTests;
			sourceTree = "<group>";
		};
		665AE7BF2640738900905329 /* CitiesUITests */ = {
			isa = PBXGroup;
			children = (
				665AE7C02640738900905329 /* CitiesUITests.swift */,
				665AE7C22640738900905329 /* Info.plist */,
			);
			path = CitiesUITests;
			sourceTree = "<group>";
		};
		665AE7D12640742400905329 /* Data */ = {
			isa = PBXGroup;
			children = (
				665AE7D22640742F00905329 /* cities.json */,
			);
			path = Data;
			sourceTree = "<group>";
		};
		665AE7D72640743300905329 /* UI */ = {
			isa = PBXGroup;
			children = (
				66B65C3D26419C35005A34C2 /* City */,
				665AE85B2640970A00905329 /* Entry */,
				665AE7FC26407EE700905329 /* Cities */,
			);
			path = UI;
			sourceTree = "<group>";
		};
		665AE7D82640743900905329 /* Common */ = {
			isa = PBXGroup;
			children = (
				665AE7DA2640745600905329 /* UIComponents */,
				665AE7D92640744E00905329 /* Utilities */,
			);
			path = Common;
			sourceTree = "<group>";
		};
		665AE7D92640744E00905329 /* Utilities */ = {
			isa = PBXGroup;
			children = (
				66B65C4126419C5C005A34C2 /* Cache */,
				66B65C39264197EE005A34C2 /* Multithreading */,
			);
			path = Utilities;
			sourceTree = "<group>";
		};
		665AE7DA2640745600905329 /* UIComponents */ = {
			isa = PBXGroup;
			children = (
				665AE85F2640991B00905329 /* CityTableViewCell */,
				665AE7FF26407F1000905329 /* ErrorView */,
				665AE7FE26407F0700905329 /* LoadingIndicator */,
				665AE7FD26407EFE00905329 /* BaseViewController */,
			);
			path = UIComponents;
			sourceTree = "<group>";
		};
		665AE7DE2640754800905329 /* Services */ = {
			isa = PBXGroup;
			children = (
				665AE7DF2640755600905329 /* CityService.swift */,
				665AE7EF264076CF00905329 /* CityServiceImplementation.swift */,
			);
			path = Services;
			sourceTree = "<group>";
		};
		665AE7E42640763700905329 /* Models */ = {
			isa = PBXGroup;
			children = (
				665AE7E52640764400905329 /* City.swift */,
				665AE7EA2640767A00905329 /* Coordinate.swift */,
			);
			path = Models;
			sourceTree = "<group>";
		};
		665AE7FC26407EE700905329 /* Cities */ = {
			isa = PBXGroup;
			children = (
				665AE83C264090CA00905329 /* Repository */,
				665AE83B264090C400905329 /* View Model */,
				665AE83A264090BF00905329 /* View */,
			);
			path = Cities;
			sourceTree = "<group>";
		};
		665AE7FD26407EFE00905329 /* BaseViewController */ = {
			isa = PBXGroup;
			children = (
				665AE8302640903E00905329 /* BaseViewController.swift */,
				665AE8352640904E00905329 /* BaseView.swift */,
			);
			path = BaseViewController;
			sourceTree = "<group>";
		};
		665AE7FE26407F0700905329 /* LoadingIndicator */ = {
			isa = PBXGroup;
			children = (
				665AE80A26408E9800905329 /* LoadingIndicator.swift */,
				665AE80F26408EB900905329 /* LoadingIndicator.xib */,
			);
			path = LoadingIndicator;
			sourceTree = "<group>";
		};
		665AE7FF26407F1000905329 /* ErrorView */ = {
			isa = PBXGroup;
			children = (
				665AE80026408E7600905329 /* ErrorView.xib */,
				665AE80526408E8B00905329 /* ErrorView.swift */,
			);
			path = ErrorView;
			sourceTree = "<group>";
		};
		665AE83A264090BF00905329 /* View */ = {
			isa = PBXGroup;
			children = (
				665AE83D264090E500905329 /* CitiesViewController.swift */,
				665AE83E264090E500905329 /* CitiesViewController.xib */,
				665AE847264090F300905329 /* CitiesView.swift */,
			);
			path = View;
			sourceTree = "<group>";
		};
		665AE83B264090C400905329 /* View Model */ = {
			isa = PBXGroup;
			children = (
				665AE856264091D800905329 /* CitiesViewModel.swift */,
			);
			path = "View Model";
			sourceTree = "<group>";
		};
		665AE83C264090CA00905329 /* Repository */ = {
			isa = PBXGroup;
			children = (
				665AE84C2640912100905329 /* CitiesRepository.swift */,
				665AE8512640915E00905329 /* CitiesRepositoryImplementation.swift */,
			);
			path = Repository;
			sourceTree = "<group>";
		};
		665AE85B2640970A00905329 /* Entry */ = {
			isa = PBXGroup;
			children = (
				665AE7A22640738800905329 /* EntryViewController.swift */,
				665AE7A42640738800905329 /* Main.storyboard */,
			);
			path = Entry;
			sourceTree = "<group>";
		};
		665AE85F2640991B00905329 /* CityTableViewCell */ = {
			isa = PBXGroup;
			children = (
				665AE8602640993700905329 /* CityTableViewCell.swift */,
				665AE8612640993700905329 /* CityTableViewCell.xib */,
			);
			path = CityTableViewCell;
			sourceTree = "<group>";
		};
		66B65C39264197EE005A34C2 /* Multithreading */ = {
			isa = PBXGroup;
			children = (
				66B65C212641907E005A34C2 /* DummyAsynchronousRunner.swift */,
				66B65C27264190AB005A34C2 /* AsynchronousRunner.swift */,
				66B65C2D26419106005A34C2 /* AsynchronousProvider.swift */,
				66B65C3326419127005A34C2 /* AsynchronousRunnerImplementation.swift */,
			);
			path = Multithreading;
			sourceTree = "<group>";
		};
		66B65C3D26419C35005A34C2 /* City */ = {
			isa = PBXGroup;
			children = (
				66B65C4026419C4A005A34C2 /* Repository */,
				66B65C3F26419C40005A34C2 /* View Model */,
				66B65C3E26419C3C005A34C2 /* View */,
			);
			path = City;
			sourceTree = "<group>";
		};
		66B65C3E26419C3C005A34C2 /* View */ = {
			isa = PBXGroup;
			children = (
				66B65C992641A3B8005A34C2 /* CityViewController.swift */,
				66B65C9A2641A3B8005A34C2 /* CityViewController.xib */,
				66CA30222641BFE5000C3780 /* CityView.swift */,
			);
			path = View;
			sourceTree = "<group>";
		};
		66B65C3F26419C40005A34C2 /* View Model */ = {
			isa = PBXGroup;
			children = (
				66B65CA22641A3C8005A34C2 /* CityViewModel.swift */,
			);
			path = "View Model";
			sourceTree = "<group>";
		};
		66B65C4026419C4A005A34C2 /* Repository */ = {
			isa = PBXGroup;
			children = (
				66B65CA72641A3D5005A34C2 /* CityRepository.swift */,
				66B65CAC2641A3E4005A34C2 /* CityRepositoryImplementation.swift */,
			);
			path = Repository;
			sourceTree = "<group>";
		};
		66B65C4126419C5C005A34C2 /* Cache */ = {
			isa = PBXGroup;
			children = (
				66B65C4226419C93005A34C2 /* CitiesCache.swift */,
			);
			path = Cache;
			sourceTree = "<group>";
		};
/* End PBXGroup section */

/* Begin PBXNativeTarget section */
		665AE79A2640738800905329 /* Cities */ = {
			isa = PBXNativeTarget;
			buildConfigurationList = 665AE7C52640738900905329 /* Build configuration list for PBXNativeTarget "Cities" */;
			buildPhases = (
				665AE7972640738800905329 /* Sources */,
				665AE7982640738800905329 /* Frameworks */,
				665AE7992640738800905329 /* Resources */,
			);
			buildRules = (
			);
			dependencies = (
			);
			name = Cities;
			productName = Cities;
			productReference = 665AE79B2640738800905329 /* Cities.app */;
			productType = "com.apple.product-type.application";
		};
		665AE7B02640738900905329 /* CitiesTests */ = {
			isa = PBXNativeTarget;
			buildConfigurationList = 665AE7C82640738900905329 /* Build configuration list for PBXNativeTarget "CitiesTests" */;
			buildPhases = (
				665AE7AD2640738900905329 /* Sources */,
				665AE7AE2640738900905329 /* Frameworks */,
				665AE7AF2640738900905329 /* Resources */,
			);
			buildRules = (
			);
			dependencies = (
				665AE7B32640738900905329 /* PBXTargetDependency */,
			);
			name = CitiesTests;
			productName = CitiesTests;
			productReference = 665AE7B12640738900905329 /* CitiesTests.xctest */;
			productType = "com.apple.product-type.bundle.unit-test";
		};
		665AE7BB2640738900905329 /* CitiesUITests */ = {
			isa = PBXNativeTarget;
			buildConfigurationList = 665AE7CB2640738900905329 /* Build configuration list for PBXNativeTarget "CitiesUITests" */;
			buildPhases = (
				665AE7B82640738900905329 /* Sources */,
				665AE7B92640738900905329 /* Frameworks */,
				665AE7BA2640738900905329 /* Resources */,
			);
			buildRules = (
			);
			dependencies = (
				665AE7BE2640738900905329 /* PBXTargetDependency */,
			);
			name = CitiesUITests;
			productName = CitiesUITests;
			productReference = 665AE7BC2640738900905329 /* CitiesUITests.xctest */;
			productType = "com.apple.product-type.bundle.ui-testing";
		};
/* End PBXNativeTarget section */

/* Begin PBXProject section */
		665AE7932640738800905329 /* Project object */ = {
			isa = PBXProject;
			attributes = {
				LastSwiftUpdateCheck = 1240;
				LastUpgradeCheck = 1240;
				TargetAttributes = {
					665AE79A2640738800905329 = {
						CreatedOnToolsVersion = 12.4;
					};
					665AE7B02640738900905329 = {
						CreatedOnToolsVersion = 12.4;
						LastSwiftMigration = 1240;
						TestTargetID = 665AE79A2640738800905329;
					};
					665AE7BB2640738900905329 = {
						CreatedOnToolsVersion = 12.4;
						TestTargetID = 665AE79A2640738800905329;
					};
				};
			};
			buildConfigurationList = 665AE7962640738800905329 /* Build configuration list for PBXProject "Cities" */;
			compatibilityVersion = "Xcode 9.3";
			developmentRegion = en;
			hasScannedForEncodings = 0;
			knownRegions = (
				en,
				Base,
			);
			mainGroup = 665AE7922640738800905329;
			productRefGroup = 665AE79C2640738800905329 /* Products */;
			projectDirPath = "";
			projectRoot = "";
			targets = (
				665AE79A2640738800905329 /* Cities */,
				665AE7B02640738900905329 /* CitiesTests */,
				665AE7BB2640738900905329 /* CitiesUITests */,
			);
		};
/* End PBXProject section */

/* Begin PBXResourcesBuildPhase section */
		665AE7992640738800905329 /* Resources */ = {
			isa = PBXResourcesBuildPhase;
			buildActionMask = 2147483647;
			files = (
				665AE7D32640742F00905329 /* cities.json in Resources */,
				665AE7AB2640738900905329 /* LaunchScreen.storyboard in Resources */,
				665AE8632640993700905329 /* CityTableViewCell.xib in Resources */,
				665AE81026408EB900905329 /* LoadingIndicator.xib in Resources */,
				665AE7A82640738900905329 /* Assets.xcassets in Resources */,
				665AE7A62640738800905329 /* Main.storyboard in Resources */,
				66B65C9D2641A3B8005A34C2 /* CityViewController.xib in Resources */,
				665AE80126408E7600905329 /* ErrorView.xib in Resources */,
				665AE840264090E500905329 /* CitiesViewController.xib in Resources */,
			);
			runOnlyForDeploymentPostprocessing = 0;
		};
		665AE7AF2640738900905329 /* Resources */ = {
			isa = PBXResourcesBuildPhase;
			buildActionMask = 2147483647;
			files = (
				66B65C9E2641A3B8005A34C2 /* CityViewController.xib in Resources */,
			);
			runOnlyForDeploymentPostprocessing = 0;
		};
		665AE7BA2640738900905329 /* Resources */ = {
			isa = PBXResourcesBuildPhase;
			buildActionMask = 2147483647;
			files = (
			);
			runOnlyForDeploymentPostprocessing = 0;
		};
/* End PBXResourcesBuildPhase section */

/* Begin PBXSourcesBuildPhase section */
		665AE7972640738800905329 /* Sources */ = {
			isa = PBXSourcesBuildPhase;
			buildActionMask = 2147483647;
			files = (
				66B65CAD2641A3E4005A34C2 /* CityRepositoryImplementation.swift in Sources */,
				665AE80B26408E9800905329 /* LoadingIndicator.swift in Sources */,
				665AE7A32640738800905329 /* EntryViewController.swift in Sources */,
				665AE8622640993700905329 /* CityTableViewCell.swift in Sources */,
				665AE848264090F300905329 /* CitiesView.swift in Sources */,
				665AE7F0264076CF00905329 /* CityServiceImplementation.swift in Sources */,
				66B65C3426419127005A34C2 /* AsynchronousRunnerImplementation.swift in Sources */,
				66CA30232641BFE5000C3780 /* CityView.swift in Sources */,
				665AE7E62640764400905329 /* City.swift in Sources */,
				665AE79F2640738800905329 /* AppDelegate.swift in Sources */,
				665AE8312640903E00905329 /* BaseViewController.swift in Sources */,
				66B65CA82641A3D5005A34C2 /* CityRepository.swift in Sources */,
				66B65C222641907E005A34C2 /* DummyAsynchronousRunner.swift in Sources */,
				665AE7E02640755600905329 /* CityService.swift in Sources */,
				66B65C4326419C93005A34C2 /* CitiesCache.swift in Sources */,
				665AE7A12640738800905329 /* SceneDelegate.swift in Sources */,
				665AE7EB2640767A00905329 /* Coordinate.swift in Sources */,
				66B65C2E26419106005A34C2 /* AsynchronousProvider.swift in Sources */,
				665AE84D2640912100905329 /* CitiesRepository.swift in Sources */,
				66B65C28264190AB005A34C2 /* AsynchronousRunner.swift in Sources */,
				665AE83F264090E500905329 /* CitiesViewController.swift in Sources */,
				66B65C9B2641A3B8005A34C2 /* CityViewController.swift in Sources */,
				66B65CA32641A3C8005A34C2 /* CityViewModel.swift in Sources */,
				665AE8362640904E00905329 /* BaseView.swift in Sources */,
				665AE857264091D800905329 /* CitiesViewModel.swift in Sources */,
				665AE8522640915E00905329 /* CitiesRepositoryImplementation.swift in Sources */,
				665AE80626408E8B00905329 /* ErrorView.swift in Sources */,
			);
			runOnlyForDeploymentPostprocessing = 0;
		};
		665AE7AD2640738900905329 /* Sources */ = {
			isa = PBXSourcesBuildPhase;
			buildActionMask = 2147483647;
			files = (
				665AE8762640AD0A00905329 /* CitiesViewModelTests.swift in Sources */,
				66CA30272641CA18000C3780 /* CityViewModel.swift in Sources */,
				665AE89A2640AE2D00905329 /* CitiesViewController.swift in Sources */,
				665AE8862640AE0700905329 /* City.swift in Sources */,
				665AE8922640AE1000905329 /* CityServiceImplementation.swift in Sources */,
				665AE87A2640AD4100905329 /* CitiesViewModel.swift in Sources */,
				66B65C9C2641A3B8005A34C2 /* CityViewController.swift in Sources */,
				665AE8AA2640AE4200905329 /* BaseViewController.swift in Sources */,
				66CA302B2641CA1E000C3780 /* CityRepository.swift in Sources */,
				66B65C1126417F73005A34C2 /* CitiesRepositoryImplementation.swift in Sources */,
				66B65C4426419C93005A34C2 /* CitiesCache.swift in Sources */,
				665AE8A62640AE3E00905329 /* LoadingIndicator.swift in Sources */,
				66B65C2F26419106005A34C2 /* AsynchronousProvider.swift in Sources */,
				66CA302F2641CA20000C3780 /* CityRepositoryImplementation.swift in Sources */,
				66B65C3526419127005A34C2 /* AsynchronousRunnerImplementation.swift in Sources */,
				665AE8822640AD5500905329 /* CitiesRepository.swift in Sources */,
				66B65C29264190AB005A34C2 /* AsynchronousRunner.swift in Sources */,
				66B65C232641907E005A34C2 /* DummyAsynchronousRunner.swift in Sources */,
				665AE8962640AE2700905329 /* EntryViewController.swift in Sources */,
				665AE8A22640AE3A00905329 /* ErrorView.swift in Sources */,
				665AE87E2640AD4500905329 /* CitiesView.swift in Sources */,
				665AE88A2640AE0A00905329 /* Coordinate.swift in Sources */,
				665AE8AE2640AE4400905329 /* BaseView.swift in Sources */,
				665AE88E2640AE0D00905329 /* CityService.swift in Sources */,
				665AE89E2640AE3600905329 /* CityTableViewCell.swift in Sources */,
				66CA30332641CA24000C3780 /* CityView.swift in Sources */,
			);
			runOnlyForDeploymentPostprocessing = 0;
		};
		665AE7B82640738900905329 /* Sources */ = {
			isa = PBXSourcesBuildPhase;
			buildActionMask = 2147483647;
			files = (
				665AE7C12640738900905329 /* CitiesUITests.swift in Sources */,
			);
			runOnlyForDeploymentPostprocessing = 0;
		};
/* End PBXSourcesBuildPhase section */

/* Begin PBXTargetDependency section */
		665AE7B32640738900905329 /* PBXTargetDependency */ = {
			isa = PBXTargetDependency;
			target = 665AE79A2640738800905329 /* Cities */;
			targetProxy = 665AE7B22640738900905329 /* PBXContainerItemProxy */;
		};
		665AE7BE2640738900905329 /* PBXTargetDependency */ = {
			isa = PBXTargetDependency;
			target = 665AE79A2640738800905329 /* Cities */;
			targetProxy = 665AE7BD2640738900905329 /* PBXContainerItemProxy */;
		};
/* End PBXTargetDependency section */

/* Begin PBXVariantGroup section */
		665AE7A42640738800905329 /* Main.storyboard */ = {
			isa = PBXVariantGroup;
			children = (
				665AE7A52640738800905329 /* Base */,
			);
			name = Main.storyboard;
			sourceTree = "<group>";
		};
		665AE7A92640738900905329 /* LaunchScreen.storyboard */ = {
			isa = PBXVariantGroup;
			children = (
				665AE7AA2640738900905329 /* Base */,
			);
			name = LaunchScreen.storyboard;
			sourceTree = "<group>";
		};
/* End PBXVariantGroup section */

/* Begin XCBuildConfiguration section */
		665AE7C32640738900905329 /* Debug */ = {
			isa = XCBuildConfiguration;
			buildSettings = {
				ALWAYS_SEARCH_USER_PATHS = NO;
				CLANG_ANALYZER_NONNULL = YES;
				CLANG_ANALYZER_NUMBER_OBJECT_CONVERSION = YES_AGGRESSIVE;
				CLANG_CXX_LANGUAGE_STANDARD = "gnu++14";
				CLANG_CXX_LIBRARY = "libc++";
				CLANG_ENABLE_MODULES = YES;
				CLANG_ENABLE_OBJC_ARC = YES;
				CLANG_ENABLE_OBJC_WEAK = YES;
				CLANG_WARN_BLOCK_CAPTURE_AUTORELEASING = YES;
				CLANG_WARN_BOOL_CONVERSION = YES;
				CLANG_WARN_COMMA = YES;
				CLANG_WARN_CONSTANT_CONVERSION = YES;
				CLANG_WARN_DEPRECATED_OBJC_IMPLEMENTATIONS = YES;
				CLANG_WARN_DIRECT_OBJC_ISA_USAGE = YES_ERROR;
				CLANG_WARN_DOCUMENTATION_COMMENTS = YES;
				CLANG_WARN_EMPTY_BODY = YES;
				CLANG_WARN_ENUM_CONVERSION = YES;
				CLANG_WARN_INFINITE_RECURSION = YES;
				CLANG_WARN_INT_CONVERSION = YES;
				CLANG_WARN_NON_LITERAL_NULL_CONVERSION = YES;
				CLANG_WARN_OBJC_IMPLICIT_RETAIN_SELF = YES;
				CLANG_WARN_OBJC_LITERAL_CONVERSION = YES;
				CLANG_WARN_OBJC_ROOT_CLASS = YES_ERROR;
				CLANG_WARN_QUOTED_INCLUDE_IN_FRAMEWORK_HEADER = YES;
				CLANG_WARN_RANGE_LOOP_ANALYSIS = YES;
				CLANG_WARN_STRICT_PROTOTYPES = YES;
				CLANG_WARN_SUSPICIOUS_MOVE = YES;
				CLANG_WARN_UNGUARDED_AVAILABILITY = YES_AGGRESSIVE;
				CLANG_WARN_UNREACHABLE_CODE = YES;
				CLANG_WARN__DUPLICATE_METHOD_MATCH = YES;
				COPY_PHASE_STRIP = NO;
				DEBUG_INFORMATION_FORMAT = dwarf;
				ENABLE_STRICT_OBJC_MSGSEND = YES;
				ENABLE_TESTABILITY = YES;
				GCC_C_LANGUAGE_STANDARD = gnu11;
				GCC_DYNAMIC_NO_PIC = NO;
				GCC_NO_COMMON_BLOCKS = YES;
				GCC_OPTIMIZATION_LEVEL = 0;
				GCC_PREPROCESSOR_DEFINITIONS = (
					"DEBUG=1",
					"$(inherited)",
				);
				GCC_WARN_64_TO_32_BIT_CONVERSION = YES;
				GCC_WARN_ABOUT_RETURN_TYPE = YES_ERROR;
				GCC_WARN_UNDECLARED_SELECTOR = YES;
				GCC_WARN_UNINITIALIZED_AUTOS = YES_AGGRESSIVE;
				GCC_WARN_UNUSED_FUNCTION = YES;
				GCC_WARN_UNUSED_VARIABLE = YES;
				IPHONEOS_DEPLOYMENT_TARGET = 14.4;
				MTL_ENABLE_DEBUG_INFO = INCLUDE_SOURCE;
				MTL_FAST_MATH = YES;
				ONLY_ACTIVE_ARCH = YES;
				SDKROOT = iphoneos;
				SWIFT_ACTIVE_COMPILATION_CONDITIONS = DEBUG;
				SWIFT_OPTIMIZATION_LEVEL = "-Onone";
			};
			name = Debug;
		};
		665AE7C42640738900905329 /* Release */ = {
			isa = XCBuildConfiguration;
			buildSettings = {
				ALWAYS_SEARCH_USER_PATHS = NO;
				CLANG_ANALYZER_NONNULL = YES;
				CLANG_ANALYZER_NUMBER_OBJECT_CONVERSION = YES_AGGRESSIVE;
				CLANG_CXX_LANGUAGE_STANDARD = "gnu++14";
				CLANG_CXX_LIBRARY = "libc++";
				CLANG_ENABLE_MODULES = YES;
				CLANG_ENABLE_OBJC_ARC = YES;
				CLANG_ENABLE_OBJC_WEAK = YES;
				CLANG_WARN_BLOCK_CAPTURE_AUTORELEASING = YES;
				CLANG_WARN_BOOL_CONVERSION = YES;
				CLANG_WARN_COMMA = YES;
				CLANG_WARN_CONSTANT_CONVERSION = YES;
				CLANG_WARN_DEPRECATED_OBJC_IMPLEMENTATIONS = YES;
				CLANG_WARN_DIRECT_OBJC_ISA_USAGE = YES_ERROR;
				CLANG_WARN_DOCUMENTATION_COMMENTS = YES;
				CLANG_WARN_EMPTY_BODY = YES;
				CLANG_WARN_ENUM_CONVERSION = YES;
				CLANG_WARN_INFINITE_RECURSION = YES;
				CLANG_WARN_INT_CONVERSION = YES;
				CLANG_WARN_NON_LITERAL_NULL_CONVERSION = YES;
				CLANG_WARN_OBJC_IMPLICIT_RETAIN_SELF = YES;
				CLANG_WARN_OBJC_LITERAL_CONVERSION = YES;
				CLANG_WARN_OBJC_ROOT_CLASS = YES_ERROR;
				CLANG_WARN_QUOTED_INCLUDE_IN_FRAMEWORK_HEADER = YES;
				CLANG_WARN_RANGE_LOOP_ANALYSIS = YES;
				CLANG_WARN_STRICT_PROTOTYPES = YES;
				CLANG_WARN_SUSPICIOUS_MOVE = YES;
				CLANG_WARN_UNGUARDED_AVAILABILITY = YES_AGGRESSIVE;
				CLANG_WARN_UNREACHABLE_CODE = YES;
				CLANG_WARN__DUPLICATE_METHOD_MATCH = YES;
				COPY_PHASE_STRIP = NO;
				DEBUG_INFORMATION_FORMAT = "dwarf-with-dsym";
				ENABLE_NS_ASSERTIONS = NO;
				ENABLE_STRICT_OBJC_MSGSEND = YES;
				GCC_C_LANGUAGE_STANDARD = gnu11;
				GCC_NO_COMMON_BLOCKS = YES;
				GCC_WARN_64_TO_32_BIT_CONVERSION = YES;
				GCC_WARN_ABOUT_RETURN_TYPE = YES_ERROR;
				GCC_WARN_UNDECLARED_SELECTOR = YES;
				GCC_WARN_UNINITIALIZED_AUTOS = YES_AGGRESSIVE;
				GCC_WARN_UNUSED_FUNCTION = YES;
				GCC_WARN_UNUSED_VARIABLE = YES;
				IPHONEOS_DEPLOYMENT_TARGET = 14.4;
				MTL_ENABLE_DEBUG_INFO = NO;
				MTL_FAST_MATH = YES;
				SDKROOT = iphoneos;
				SWIFT_COMPILATION_MODE = wholemodule;
				SWIFT_OPTIMIZATION_LEVEL = "-O";
				VALIDATE_PRODUCT = YES;
			};
			name = Release;
		};
		665AE7C62640738900905329 /* Debug */ = {
			isa = XCBuildConfiguration;
			buildSettings = {
				ASSETCATALOG_COMPILER_APPICON_NAME = AppIcon;
				ASSETCATALOG_COMPILER_GLOBAL_ACCENT_COLOR_NAME = AccentColor;
				CODE_SIGN_STYLE = Automatic;
				DEVELOPMENT_TEAM = FTKP6RK79J;
				INFOPLIST_FILE = Cities/Info.plist;
				LD_RUNPATH_SEARCH_PATHS = (
					"$(inherited)",
					"@executable_path/Frameworks",
				);
				PRODUCT_BUNDLE_IDENTIFIER = backbase.sashen.Cities;
				PRODUCT_NAME = "$(TARGET_NAME)";
				SWIFT_VERSION = 5.0;
				TARGETED_DEVICE_FAMILY = "1,2";
			};
			name = Debug;
		};
		665AE7C72640738900905329 /* Release */ = {
			isa = XCBuildConfiguration;
			buildSettings = {
				ASSETCATALOG_COMPILER_APPICON_NAME = AppIcon;
				ASSETCATALOG_COMPILER_GLOBAL_ACCENT_COLOR_NAME = AccentColor;
				CODE_SIGN_STYLE = Automatic;
				DEVELOPMENT_TEAM = FTKP6RK79J;
				INFOPLIST_FILE = Cities/Info.plist;
				LD_RUNPATH_SEARCH_PATHS = (
					"$(inherited)",
					"@executable_path/Frameworks",
				);
				PRODUCT_BUNDLE_IDENTIFIER = backbase.sashen.Cities;
				PRODUCT_NAME = "$(TARGET_NAME)";
				SWIFT_VERSION = 5.0;
				TARGETED_DEVICE_FAMILY = "1,2";
			};
			name = Release;
		};
		665AE7C92640738900905329 /* Debug */ = {
			isa = XCBuildConfiguration;
			buildSettings = {
				ALWAYS_EMBED_SWIFT_STANDARD_LIBRARIES = YES;
				BUNDLE_LOADER = "$(TEST_HOST)";
				CLANG_ENABLE_MODULES = YES;
				CODE_SIGN_STYLE = Automatic;
				DEVELOPMENT_TEAM = FTKP6RK79J;
				INFOPLIST_FILE = CitiesTests/Info.plist;
				IPHONEOS_DEPLOYMENT_TARGET = 14.4;
				LD_RUNPATH_SEARCH_PATHS = (
					"$(inherited)",
					"@executable_path/Frameworks",
					"@loader_path/Frameworks",
				);
				PRODUCT_BUNDLE_IDENTIFIER = backbase.sashen.CitiesTests;
				PRODUCT_NAME = "$(TARGET_NAME)";
				SWIFT_OPTIMIZATION_LEVEL = "-Onone";
				SWIFT_VERSION = 5.0;
				TARGETED_DEVICE_FAMILY = "1,2";
				TEST_HOST = "$(BUILT_PRODUCTS_DIR)/Cities.app/Cities";
			};
			name = Debug;
		};
		665AE7CA2640738900905329 /* Release */ = {
			isa = XCBuildConfiguration;
			buildSettings = {
				ALWAYS_EMBED_SWIFT_STANDARD_LIBRARIES = YES;
				BUNDLE_LOADER = "$(TEST_HOST)";
				CLANG_ENABLE_MODULES = YES;
				CODE_SIGN_STYLE = Automatic;
				DEVELOPMENT_TEAM = FTKP6RK79J;
				INFOPLIST_FILE = CitiesTests/Info.plist;
				IPHONEOS_DEPLOYMENT_TARGET = 14.4;
				LD_RUNPATH_SEARCH_PATHS = (
					"$(inherited)",
					"@executable_path/Frameworks",
					"@loader_path/Frameworks",
				);
				PRODUCT_BUNDLE_IDENTIFIER = backbase.sashen.CitiesTests;
				PRODUCT_NAME = "$(TARGET_NAME)";
				SWIFT_VERSION = 5.0;
				TARGETED_DEVICE_FAMILY = "1,2";
				TEST_HOST = "$(BUILT_PRODUCTS_DIR)/Cities.app/Cities";
			};
			name = Release;
		};
		665AE7CC2640738900905329 /* Debug */ = {
			isa = XCBuildConfiguration;
			buildSettings = {
				ALWAYS_EMBED_SWIFT_STANDARD_LIBRARIES = YES;
				CODE_SIGN_STYLE = Automatic;
				DEVELOPMENT_TEAM = FTKP6RK79J;
				INFOPLIST_FILE = CitiesUITests/Info.plist;
				LD_RUNPATH_SEARCH_PATHS = (
					"$(inherited)",
					"@executable_path/Frameworks",
					"@loader_path/Frameworks",
				);
				PRODUCT_BUNDLE_IDENTIFIER = backbase.sashen.CitiesUITests;
				PRODUCT_NAME = "$(TARGET_NAME)";
				SWIFT_VERSION = 5.0;
				TARGETED_DEVICE_FAMILY = "1,2";
				TEST_TARGET_NAME = Cities;
			};
			name = Debug;
		};
		665AE7CD2640738900905329 /* Release */ = {
			isa = XCBuildConfiguration;
			buildSettings = {
				ALWAYS_EMBED_SWIFT_STANDARD_LIBRARIES = YES;
				CODE_SIGN_STYLE = Automatic;
				DEVELOPMENT_TEAM = FTKP6RK79J;
				INFOPLIST_FILE = CitiesUITests/Info.plist;
				LD_RUNPATH_SEARCH_PATHS = (
					"$(inherited)",
					"@executable_path/Frameworks",
					"@loader_path/Frameworks",
				);
				PRODUCT_BUNDLE_IDENTIFIER = backbase.sashen.CitiesUITests;
				PRODUCT_NAME = "$(TARGET_NAME)";
				SWIFT_VERSION = 5.0;
				TARGETED_DEVICE_FAMILY = "1,2";
				TEST_TARGET_NAME = Cities;
			};
			name = Release;
		};
/* End XCBuildConfiguration section */

/* Begin XCConfigurationList section */
		665AE7962640738800905329 /* Build configuration list for PBXProject "Cities" */ = {
			isa = XCConfigurationList;
			buildConfigurations = (
				665AE7C32640738900905329 /* Debug */,
				665AE7C42640738900905329 /* Release */,
			);
			defaultConfigurationIsVisible = 0;
			defaultConfigurationName = Release;
		};
		665AE7C52640738900905329 /* Build configuration list for PBXNativeTarget "Cities" */ = {
			isa = XCConfigurationList;
			buildConfigurations = (
				665AE7C62640738900905329 /* Debug */,
				665AE7C72640738900905329 /* Release */,
			);
			defaultConfigurationIsVisible = 0;
			defaultConfigurationName = Release;
		};
		665AE7C82640738900905329 /* Build configuration list for PBXNativeTarget "CitiesTests" */ = {
			isa = XCConfigurationList;
			buildConfigurations = (
				665AE7C92640738900905329 /* Debug */,
				665AE7CA2640738900905329 /* Release */,
			);
			defaultConfigurationIsVisible = 0;
			defaultConfigurationName = Release;
		};
		665AE7CB2640738900905329 /* Build configuration list for PBXNativeTarget "CitiesUITests" */ = {
			isa = XCConfigurationList;
			buildConfigurations = (
				665AE7CC2640738900905329 /* Debug */,
				665AE7CD2640738900905329 /* Release */,
			);
			defaultConfigurationIsVisible = 0;
			defaultConfigurationName = Release;
		};
/* End XCConfigurationList section */
	};
	rootObject = 665AE7932640738800905329 /* Project object */;
}
